{
  "version": 4,
  "terraform_version": "0.14.4",
  "serial": 52,
  "lineage": "d46b7cfc-44e2-7eb6-f02b-6a7fc6e73a47",
  "outputs": {
    "scaleset_resource_group": {
      "value": "test_rg_vm",
      "type": "string"
    }
  },
  "resources": [
    {
      "mode": "managed",
      "type": "tls_private_key",
      "name": "ssh-keys",
      "provider": "provider[\"registry.terraform.io/hashicorp/tls\"]",
      "instances": [
        {
          "schema_version": 0,
          "attributes": {
            "algorithm": "RSA",
            "ecdsa_curve": "P224",
            "id": "a0583feba58b8bbba37dc5d93f8b00183da3f1c5",
            "private_key_pem": "-----BEGIN RSA PRIVATE KEY-----\nMIIEowIBAAKCAQEA1T3vBZShgGbcaSO6fAn6eZgZFpkLOdPjBPUUxdJUWESvBCry\n/ASqPhiiCuwZbzormqzVtnX4wL1WIuWIOsXGyKQHRIzG7pKiVJNJraz5k5dol54X\nXcYgGkBGQm0OwNu7GbiXV3mL/onG5VebodkDjoxRu4SS/2klvcrVojZR98DdNqAu\nsUG5q6LighicGQuy4Qt970xYHb6Xt9/oNtM3ZJeqITp01AWWMGmYz4RH0vSIfUF7\ng202Of/MP3nGA//hUgoAozZ1D9coQP3uoZa16hPlmy4nO7ooqdcoOtOUUjGCHObs\nfZa2llIltvV7ufZTgTA38FJmiSlirwhb9STKBwIDAQABAoIBAF6c6i6Zscac3PKx\nbY6XhtDokUkbgoWX48RRUXQsTEwVvWml/MWg9EA1AcDC3M4jCzHHudMJKOOrnkpB\neV5KXlaroKXjqGg2G1xXNXufoeTAayHKfSeYPqonFoVmigM7+xoAcvXW8ixvyRX8\n9wqqlQ9sZt9ChU5Zwusg0gT1AQ1hb++8xzFxlY21k88QzBF3UNR/kDCghGt01BMZ\nXbwvK0kGXaNF6rDIPEvP4Oj9pTj0uHWcBo0afC6fHSSRMWdrNI/ZpY0jweZKtkuY\n/e9nCUw2+AA9bTRpMyOIOHmLWYKlNZF1iUDPUx1/Co4AtImWmWJjuhf+aGC3S0lA\n0hMsDCECgYEA6YWHNXoGD8ygLiXFThDZ2nV3EcpF0gSmx3h+DfAH0qbbo001Sa/l\nBFq7Luvu0dOineyU6onGRTrEk0fRSAMuDEqp0dQROgz/loEAAhRdHvhAfIhGBUyc\nmipgxx7D8fmpXGd1iYhDMpJUjO7ecqVmevp8fccbWz04CCptxYOBei8CgYEA6cSr\n0IEpUzYxysUNJTJ5+2QXzk530iV6WdXvGF2bNKKIkiB1qkfu8PylVtjommeul2IG\n1xRfJJ0FakWoZ4e+Mxka3bxhr8Sg1s4aHkXMktA6TwDvKbfXSa4cdMeUkFnGkKub\nqBnkf8PPCpJbgeuPlzpKvsJUAXYrUYh+htfrr6kCgYAnhBL3N6ji74uDg5y5sxxK\nXWpCtmnOOj9GrdsW3LFWMiokniIQUBV/ASN/syj8lMWF18zzS1Ej0egFzDdb6j3W\nkqPd//bSTfTKMRYhQ/TmErhG2oCO0QIHDHjH+SrLPaYtHszC8y371ss79gfqepa2\n5MBAQHsem2Np7lQZAkHcvQKBgDCOnpW/zoKvViZlSfa5Bmd2gg9jczYefMyeSHzK\nLMwBGtcnkOle6b367KkegypXcQeW4A7a92xWhWJut61Rn+tjQpZeY/grorEbvIcf\nPoAcapAwhH0o57oxRU3oiu51B27ThpCjWDhFxwLOJd3VvUzPWelH2kU3c4YLESUX\nQqiJAoGBANtPoJ4JENg/5ZzLrORVusePRB5xo//fyjqCEbr2jkWCCYawTLkEWa/3\nT3g/PmL5fkjnqAgbFSOqF6cqXAzvwjxj0F+5dZIkvBywW8zWAy2VD5GwYzPssaIf\nuKAwK8tK7fJjLZpXx849U4LOmTwr2XCN7PFcaQr50cKXr9kiF9iD\n-----END RSA PRIVATE KEY-----\n",
            "public_key_fingerprint_md5": "e6:61:3b:99:35:56:8e:3a:97:c1:7a:b7:67:41:20:b9",
            "public_key_openssh": "ssh-rsa AAAAB3NzaC1yc2EAAAADAQABAAABAQDVPe8FlKGAZtxpI7p8Cfp5mBkWmQs50+ME9RTF0lRYRK8EKvL8BKo+GKIK7BlvOiuarNW2dfjAvVYi5Yg6xcbIpAdEjMbukqJUk0mtrPmTl2iXnhddxiAaQEZCbQ7A27sZuJdXeYv+icblV5uh2QOOjFG7hJL/aSW9ytWiNlH3wN02oC6xQbmrouKCGJwZC7LhC33vTFgdvpe33+g20zdkl6ohOnTUBZYwaZjPhEfS9Ih9QXuDbTY5/8w/ecYD/+FSCgCjNnUP1yhA/e6hlrXqE+WbLic7uiip1yg605RSMYIc5ux9lraWUiW29Xu59lOBMDfwUmaJKWKvCFv1JMoH\n",
            "public_key_pem": "-----BEGIN PUBLIC KEY-----\nMIIBIjANBgkqhkiG9w0BAQEFAAOCAQ8AMIIBCgKCAQEA1T3vBZShgGbcaSO6fAn6\neZgZFpkLOdPjBPUUxdJUWESvBCry/ASqPhiiCuwZbzormqzVtnX4wL1WIuWIOsXG\nyKQHRIzG7pKiVJNJraz5k5dol54XXcYgGkBGQm0OwNu7GbiXV3mL/onG5VebodkD\njoxRu4SS/2klvcrVojZR98DdNqAusUG5q6LighicGQuy4Qt970xYHb6Xt9/oNtM3\nZJeqITp01AWWMGmYz4RH0vSIfUF7g202Of/MP3nGA//hUgoAozZ1D9coQP3uoZa1\n6hPlmy4nO7ooqdcoOtOUUjGCHObsfZa2llIltvV7ufZTgTA38FJmiSlirwhb9STK\nBwIDAQAB\n-----END PUBLIC KEY-----\n",
            "rsa_bits": 2048
          },
          "sensitive_attributes": [],
          "private": "bnVsbA=="
        }
      ]
    },
    {
      "mode": "managed",
      "type": "tls_private_key",
      "name": "ssh-keys_1",
      "provider": "provider[\"registry.terraform.io/hashicorp/tls\"]",
      "instances": [
        {
          "schema_version": 0,
          "attributes": {
            "algorithm": "RSA",
            "ecdsa_curve": "P224",
            "id": "10c2d017de6294823ca8fee40d34a9b22da4a10d",
            "private_key_pem": "-----BEGIN RSA PRIVATE KEY-----\nMIIEpQIBAAKCAQEAzirYCvMlZDVF2zfDR0JijxzYaMqUO6/qSlYH7PvWyTG5/k91\n15/zoW0yfAYqcGO1+2nRITHDpniu9mZ+hdZMePhYvxNa3TQ0+VRit4s4PUQp+dlm\nQIk6iUsYhxCaN5xJ7vcBCtsIHzFZTEsihjzuCHoJPAgY5Jlt336BPzwuIlJj+bqI\nOYANc6hM0/JmdlCk1y8gV8LofwJalLjisbWg+jn+OO7hG5hT3iVzwcsbTnvoc5AE\nzyJMkm0jMEekG/o3WlL1aTOSWC41FxY21tEdakUCFo9oY3mbaAeSwNoPxVYrkGDS\nMbsyxjucFYEIswXLUCST4fTftRwSmPaKTwOJcwIDAQABAoIBAQC8gB3SPSgV7EN3\nwQ9yCvd0ZGpVvcs0m44681gBzO1APZASPnK/eMbX9LBxB24sHm7YdZK5p/d8MOG/\n9kx+cEaxYFg8NCUjFUXOJeKwcME1+ynqAGTmYtI7j4bYj0yBxgsvS3YPh95wLr23\n7Qae9/ynkXT6B2lDMilsbA0eVRbVVxuliwuXUC7Yc/7LTA0Nz3kTUJZ1Pya7cIsG\ng2nqQ3X+NbcLSKIYoTIu8HeQR3MWaulO0HWUyJilsdtn46fj9pkbVYyenMhju4UH\nlWXSQRCUm35tsljg3AbfaMSMGbPSRHiQ3HCisSGRyp+qr2Nc4gSfj4dwbFTa6AfZ\nFPTHW8CBAoGBAPvDaAbH5e71pnx+OCzlE8l1Rg+jnTs/ppJ91Hnl+RUoA5s/0XQa\n//4zMvEmminoh4tBtCwg7kDtvdEkCFCKk277lxssTtDaLaC15pQV5NAbwFyiVt9b\nNsBT5iIVF7x8E/4ygCF2eV+96ByWJDMb25tBYSGnZBYMQ8M3BUoy9jZBAoGBANGj\nAr3K6TYcanIJHPOm4P+4Hj9p0uNsAc82CiUJ5qlNJh3cOQpOlrmLeY4gGiT6a8Rp\nBPLM3EpvqvZbZC0HfWVId9RKRuYe4UyE7R5kFRYDB9xt1JhqeRbidDYxPuskALwm\nSV9IsCWI+yu0J7VLihGQWH94A9KAjsfdcT6fGRqzAoGBAL4Saskjxd5Aq261xCdw\n0x13YmuQNLZ0eYeDZBSboQ9t5DsjVTh44efCM6WIZT9ahGqIMkRWoEl4s6Pftj9I\nP8K8QvqK2v4mmegJLImEdfj/2pyVG00Jii5tqQL2NbNhYZ659a5NyZiUwVZDrBTB\n5WwzUeecfp1+qPIK6f14uBWBAoGBALe/zlNVW/0WAydZXYsjpuv+EmU6+KJmtV9O\n2q2EdC3JdbOOqGCkafDQlAdDlCb9aSCLfM7lSeHk51Fw4emmOv9f+ciWInbqckiD\n6uNMjj7xAR7xFftSuDia3YnyuFebAxnn5UAjkmIUIzQ3gOakA61JfIieRZtpG72M\nGArvoS2JAoGAXIjh0QLVvQHu/Z87UV8kaMWJgZOO52fvaNbo8vAype3ssaqhj42c\nSiwUxO3CB++nso0NwpHi5P3uj/opZKX5pFIcVLiTrupgi/FMUkucDUn0iIwOWIWr\nGMCPEEp4ZWMCRyzBo/6UGXOP5czhUuYLQPHQwUwlK6KwgbrT/LqZoQs=\n-----END RSA PRIVATE KEY-----\n",
            "public_key_fingerprint_md5": "ab:98:ee:d1:41:6e:b8:c1:9c:94:36:23:53:a0:5a:cd",
            "public_key_openssh": "ssh-rsa AAAAB3NzaC1yc2EAAAADAQABAAABAQDOKtgK8yVkNUXbN8NHQmKPHNhoypQ7r+pKVgfs+9bJMbn+T3XXn/OhbTJ8BipwY7X7adEhMcOmeK72Zn6F1kx4+Fi/E1rdNDT5VGK3izg9RCn52WZAiTqJSxiHEJo3nEnu9wEK2wgfMVlMSyKGPO4Iegk8CBjkmW3ffoE/PC4iUmP5uog5gA1zqEzT8mZ2UKTXLyBXwuh/AlqUuOKxtaD6Of447uEbmFPeJXPByxtOe+hzkATPIkySbSMwR6Qb+jdaUvVpM5JYLjUXFjbW0R1qRQIWj2hjeZtoB5LA2g/FViuQYNIxuzLGO5wVgQizBctQJJPh9N+1HBKY9opPA4lz\n",
            "public_key_pem": "-----BEGIN PUBLIC KEY-----\nMIIBIjANBgkqhkiG9w0BAQEFAAOCAQ8AMIIBCgKCAQEAzirYCvMlZDVF2zfDR0Ji\njxzYaMqUO6/qSlYH7PvWyTG5/k9115/zoW0yfAYqcGO1+2nRITHDpniu9mZ+hdZM\nePhYvxNa3TQ0+VRit4s4PUQp+dlmQIk6iUsYhxCaN5xJ7vcBCtsIHzFZTEsihjzu\nCHoJPAgY5Jlt336BPzwuIlJj+bqIOYANc6hM0/JmdlCk1y8gV8LofwJalLjisbWg\n+jn+OO7hG5hT3iVzwcsbTnvoc5AEzyJMkm0jMEekG/o3WlL1aTOSWC41FxY21tEd\nakUCFo9oY3mbaAeSwNoPxVYrkGDSMbsyxjucFYEIswXLUCST4fTftRwSmPaKTwOJ\ncwIDAQAB\n-----END PUBLIC KEY-----\n",
            "rsa_bits": 2048
          },
          "sensitive_attributes": [],
          "private": "bnVsbA=="
        }
      ]
    },
    {
      "module": "module.test_net",
      "mode": "managed",
      "type": "azurerm_virtual_network",
      "name": "virtual_network",
      "provider": "provider[\"registry.terraform.io/hashicorp/azurerm\"]",
      "instances": [
        {
          "schema_version": 0,
          "attributes": {
            "address_space": [
              "10.0.1.0/24"
            ],
            "bgp_community": "",
            "ddos_protection_plan": [],
            "dns_servers": [],
            "guid": "9a296e94-2e9c-48ce-b479-a0bd46b63108",
            "id": "/subscriptions/716fd3a4-4bf0-4100-b006-5d29c8af36dd/resourceGroups/test_rg_vm/providers/Microsoft.Network/virtualNetworks/test_net",
            "location": "westus2",
            "name": "test_net",
            "resource_group_name": "test_rg_vm",
            "subnet": [],
            "tags": null,
            "timeouts": null,
            "vm_protection_enabled": false
          },
          "sensitive_attributes": [],
          "private": "eyJlMmJmYjczMC1lY2FhLTExZTYtOGY4OC0zNDM2M2JjN2M0YzAiOnsiY3JlYXRlIjoxODAwMDAwMDAwMDAwLCJkZWxldGUiOjE4MDAwMDAwMDAwMDAsInJlYWQiOjMwMDAwMDAwMDAwMCwidXBkYXRlIjoxODAwMDAwMDAwMDAwfX0=",
          "dependencies": [
            "module.test_rg.azurerm_resource_group.resource_group"
          ]
        }
      ]
    },
    {
      "module": "module.test_rg",
      "mode": "managed",
      "type": "azurerm_resource_group",
      "name": "resource_group",
      "provider": "provider[\"registry.terraform.io/hashicorp/azurerm\"]",
      "instances": [
        {
          "schema_version": 0,
          "attributes": {
            "id": "/subscriptions/716fd3a4-4bf0-4100-b006-5d29c8af36dd/resourceGroups/test_rg_vm",
            "location": "westus2",
            "name": "test_rg_vm",
            "tags": null,
            "timeouts": null
          },
          "sensitive_attributes": [],
          "private": "eyJlMmJmYjczMC1lY2FhLTExZTYtOGY4OC0zNDM2M2JjN2M0YzAiOnsiY3JlYXRlIjo1NDAwMDAwMDAwMDAwLCJkZWxldGUiOjU0MDAwMDAwMDAwMDAsInJlYWQiOjMwMDAwMDAwMDAwMCwidXBkYXRlIjo1NDAwMDAwMDAwMDAwfX0="
        }
      ]
    },
    {
      "module": "module.test_scalesets[\"xyz.net\"]",
      "mode": "managed",
      "type": "azurerm_linux_virtual_machine_scale_set",
      "name": "linux_vm_scaleset",
      "provider": "provider[\"registry.terraform.io/hashicorp/azurerm\"]",
      "instances": [
        {
          "schema_version": 0,
          "attributes": {
            "additional_capabilities": [],
            "admin_password": null,
            "admin_ssh_key": [
              {
                "public_key": "ssh-rsa AAAAB3NzaC1yc2EAAAADAQABAAABAQDOKtgK8yVkNUXbN8NHQmKPHNhoypQ7r+pKVgfs+9bJMbn+T3XXn/OhbTJ8BipwY7X7adEhMcOmeK72Zn6F1kx4+Fi/E1rdNDT5VGK3izg9RCn52WZAiTqJSxiHEJo3nEnu9wEK2wgfMVlMSyKGPO4Iegk8CBjkmW3ffoE/PC4iUmP5uog5gA1zqEzT8mZ2UKTXLyBXwuh/AlqUuOKxtaD6Of447uEbmFPeJXPByxtOe+hzkATPIkySbSMwR6Qb+jdaUvVpM5JYLjUXFjbW0R1qRQIWj2hjeZtoB5LA2g/FViuQYNIxuzLGO5wVgQizBctQJJPh9N+1HBKY9opPA4lz\n",
                "username": "test-admin"
              },
              {
                "public_key": "ssh-rsa AAAAB3NzaC1yc2EAAAADAQABAAABAQDVPe8FlKGAZtxpI7p8Cfp5mBkWmQs50+ME9RTF0lRYRK8EKvL8BKo+GKIK7BlvOiuarNW2dfjAvVYi5Yg6xcbIpAdEjMbukqJUk0mtrPmTl2iXnhddxiAaQEZCbQ7A27sZuJdXeYv+icblV5uh2QOOjFG7hJL/aSW9ytWiNlH3wN02oC6xQbmrouKCGJwZC7LhC33vTFgdvpe33+g20zdkl6ohOnTUBZYwaZjPhEfS9Ih9QXuDbTY5/8w/ecYD/+FSCgCjNnUP1yhA/e6hlrXqE+WbLic7uiip1yg605RSMYIc5ux9lraWUiW29Xu59lOBMDfwUmaJKWKvCFv1JMoH\n",
                "username": "test-admin"
              }
            ],
            "admin_username": "test-admin",
            "automatic_instance_repair": [
              {
                "enabled": false,
                "grace_period": "PT30M"
              }
            ],
            "automatic_os_upgrade_policy": [],
            "boot_diagnostics": [],
            "computer_name_prefix": "jiranode-xyz.net",
            "custom_data": null,
            "data_disk": [],
            "disable_password_authentication": true,
            "do_not_run_extensions_on_overprovisioned_machines": false,
            "encryption_at_host_enabled": false,
            "eviction_policy": "",
            "extension": null,
            "health_probe_id": "",
            "id": "/subscriptions/716fd3a4-4bf0-4100-b006-5d29c8af36dd/resourceGroups/test_rg_vm/providers/Microsoft.Compute/virtualMachineScaleSets/test_scaleset_xyz.net",
            "identity": [],
            "instances": 2,
            "location": "westus2",
            "max_bid_price": -1,
            "name": "test_scaleset_xyz.net",
            "network_interface": [
              {
                "dns_servers": null,
                "enable_accelerated_networking": false,
                "enable_ip_forwarding": false,
                "ip_configuration": [
                  {
                    "application_gateway_backend_address_pool_ids": null,
                    "application_security_group_ids": null,
                    "load_balancer_backend_address_pool_ids": null,
                    "load_balancer_inbound_nat_rules_ids": null,
                    "name": "cluster_ipconfig_xyz.net",
                    "primary": true,
                    "public_ip_address": [],
                    "subnet_id": "/subscriptions/716fd3a4-4bf0-4100-b006-5d29c8af36dd/resourceGroups/test_rg_vm/providers/Microsoft.Network/virtualNetworks/test_net/subnets/test_subnet",
                    "version": "IPv4"
                  }
                ],
                "name": "cluster-nic_xyz.net",
                "network_security_group_id": "",
                "primary": true
              }
            ],
            "os_disk": [
              {
                "caching": "ReadWrite",
                "diff_disk_settings": [],
                "disk_encryption_set_id": "",
                "disk_size_gb": 100,
                "storage_account_type": "Premium_LRS",
                "write_accelerator_enabled": false
              }
            ],
            "overprovision": false,
            "plan": [],
            "platform_fault_domain_count": 0,
            "priority": "Regular",
            "provision_vm_agent": true,
            "proximity_placement_group_id": "",
            "resource_group_name": "test_rg_vm",
            "rolling_upgrade_policy": [],
            "scale_in_policy": "Default",
            "secret": [],
            "single_placement_group": false,
            "sku": "Standard_B2ms",
            "source_image_id": "",
            "source_image_reference": [
              {
                "offer": "UbuntuServer",
                "publisher": "Canonical",
                "sku": "18.04-LTS",
                "version": "latest"
              }
            ],
            "tags": null,
            "terminate_notification": null,
            "timeouts": null,
            "unique_id": "39547207-9657-4c76-96ad-f6102818aeaf",
            "upgrade_mode": "Manual",
            "zone_balance": false,
            "zones": null
          },
          "sensitive_attributes": [],
          "private": "eyJlMmJmYjczMC1lY2FhLTExZTYtOGY4OC0zNDM2M2JjN2M0YzAiOnsiY3JlYXRlIjoxODAwMDAwMDAwMDAwLCJkZWxldGUiOjE4MDAwMDAwMDAwMDAsInJlYWQiOjMwMDAwMDAwMDAwMCwidXBkYXRlIjozNjAwMDAwMDAwMDAwfX0=",
          "dependencies": [
            "module.test_net.azurerm_virtual_network.virtual_network",
            "module.test_rg.azurerm_resource_group.resource_group",
            "module.test_subnet.azurerm_subnet.subnet",
            "tls_private_key.ssh-keys",
            "tls_private_key.ssh-keys_1"
          ]
        }
      ]
    },
    {
      "module": "module.test_subnet",
      "mode": "managed",
      "type": "azurerm_subnet",
      "name": "subnet",
      "provider": "provider[\"registry.terraform.io/hashicorp/azurerm\"]",
      "instances": [
        {
          "schema_version": 0,
          "attributes": {
            "address_prefix": "10.0.1.0/28",
            "address_prefixes": [
              "10.0.1.0/28"
            ],
            "delegation": [],
            "enforce_private_link_endpoint_network_policies": false,
            "enforce_private_link_service_network_policies": false,
            "id": "/subscriptions/716fd3a4-4bf0-4100-b006-5d29c8af36dd/resourceGroups/test_rg_vm/providers/Microsoft.Network/virtualNetworks/test_net/subnets/test_subnet",
            "name": "test_subnet",
            "resource_group_name": "test_rg_vm",
            "service_endpoint_policy_ids": null,
            "service_endpoints": [],
            "timeouts": null,
            "virtual_network_name": "test_net"
          },
          "sensitive_attributes": [],
          "private": "eyJlMmJmYjczMC1lY2FhLTExZTYtOGY4OC0zNDM2M2JjN2M0YzAiOnsiY3JlYXRlIjoxODAwMDAwMDAwMDAwLCJkZWxldGUiOjE4MDAwMDAwMDAwMDAsInJlYWQiOjMwMDAwMDAwMDAwMCwidXBkYXRlIjoxODAwMDAwMDAwMDAwfX0=",
          "dependencies": [
            "module.test_net.azurerm_virtual_network.virtual_network",
            "module.test_rg.azurerm_resource_group.resource_group"
          ]
        }
      ]
    }
  ]
}
