{
  "version": 4,
  "terraform_version": "0.14.4",
  "serial": 15,
  "lineage": "bf24b92b-96ce-6a35-980b-1eac120ac024",
  "outputs": {
    "app_gw_frontend_ports": {
      "value": "test_net_appgw-feport",
      "type": "string"
    },
    "app_gw_name": {
      "value": "test_app_gateway",
      "type": "string"
    },
    "app_gw_rg": {
      "value": "test_rg_appgw",
      "type": "string"
    },
    "backend_pools": {
      "value": [
        {
          "test_net_appgw-a-beap-abc.net": {
            "fqdns": [],
            "id": "/subscriptions/716fd3a4-4bf0-4100-b006-5d29c8af36dd/resourceGroups/test_rg_appgw/providers/Microsoft.Network/applicationGateways/test_app_gateway/backendAddressPools/test_net_appgw-a-beap-abc.net",
            "ip_addresses": [],
            "name": "test_net_appgw-a-beap-abc.net"
          },
          "test_net_appgw-a-beap-def.net": {
            "fqdns": [],
            "id": "/subscriptions/716fd3a4-4bf0-4100-b006-5d29c8af36dd/resourceGroups/test_rg_appgw/providers/Microsoft.Network/applicationGateways/test_app_gateway/backendAddressPools/test_net_appgw-a-beap-def.net",
            "ip_addresses": [],
            "name": "test_net_appgw-a-beap-def.net"
          },
          "test_net_appgw-b-beap-uvw.net": {
            "fqdns": [],
            "id": "/subscriptions/716fd3a4-4bf0-4100-b006-5d29c8af36dd/resourceGroups/test_rg_appgw/providers/Microsoft.Network/applicationGateways/test_app_gateway/backendAddressPools/test_net_appgw-b-beap-uvw.net",
            "ip_addresses": [],
            "name": "test_net_appgw-b-beap-uvw.net"
          },
          "test_net_appgw-b-beap-xyz.net": {
            "fqdns": [],
            "id": "/subscriptions/716fd3a4-4bf0-4100-b006-5d29c8af36dd/resourceGroups/test_rg_appgw/providers/Microsoft.Network/applicationGateways/test_app_gateway/backendAddressPools/test_net_appgw-b-beap-xyz.net",
            "ip_addresses": [],
            "name": "test_net_appgw-b-beap-xyz.net"
          }
        }
      ],
      "type": [
        "tuple",
        [
          [
            "object",
            {
              "test_net_appgw-a-beap-abc.net": [
                "object",
                {
                  "fqdns": [
                    "list",
                    "string"
                  ],
                  "id": "string",
                  "ip_addresses": [
                    "list",
                    "string"
                  ],
                  "name": "string"
                }
              ],
              "test_net_appgw-a-beap-def.net": [
                "object",
                {
                  "fqdns": [
                    "list",
                    "string"
                  ],
                  "id": "string",
                  "ip_addresses": [
                    "list",
                    "string"
                  ],
                  "name": "string"
                }
              ],
              "test_net_appgw-b-beap-uvw.net": [
                "object",
                {
                  "fqdns": [
                    "list",
                    "string"
                  ],
                  "id": "string",
                  "ip_addresses": [
                    "list",
                    "string"
                  ],
                  "name": "string"
                }
              ],
              "test_net_appgw-b-beap-xyz.net": [
                "object",
                {
                  "fqdns": [
                    "list",
                    "string"
                  ],
                  "id": "string",
                  "ip_addresses": [
                    "list",
                    "string"
                  ],
                  "name": "string"
                }
              ]
            }
          ]
        ]
      ]
    }
  },
  "resources": [
    {
      "mode": "managed",
      "type": "azurerm_public_ip",
      "name": "test_public_ip",
      "provider": "provider[\"registry.terraform.io/hashicorp/azurerm\"]",
      "instances": [
        {
          "schema_version": 0,
          "attributes": {
            "allocation_method": "Dynamic",
            "domain_name_label": null,
            "fqdn": null,
            "id": "/subscriptions/716fd3a4-4bf0-4100-b006-5d29c8af36dd/resourceGroups/test_rg_appgw/providers/Microsoft.Network/publicIPAddresses/test_public_ip",
            "idle_timeout_in_minutes": 4,
            "ip_address": "",
            "ip_version": "IPv4",
            "location": "westus2",
            "name": "test_public_ip",
            "public_ip_prefix_id": null,
            "resource_group_name": "test_rg_appgw",
            "reverse_fqdn": null,
            "sku": "Basic",
            "tags": {},
            "timeouts": null,
            "zones": []
          },
          "sensitive_attributes": [],
          "private": "eyJlMmJmYjczMC1lY2FhLTExZTYtOGY4OC0zNDM2M2JjN2M0YzAiOnsiY3JlYXRlIjoxODAwMDAwMDAwMDAwLCJkZWxldGUiOjE4MDAwMDAwMDAwMDAsInJlYWQiOjMwMDAwMDAwMDAwMCwidXBkYXRlIjoxODAwMDAwMDAwMDAwfX0=",
          "dependencies": [
            "module.test_rg.azurerm_resource_group.resource_group"
          ]
        }
      ]
    },
    {
      "module": "module.test_app_gateway",
      "mode": "managed",
      "type": "azurerm_application_gateway",
      "name": "app_gateway",
      "provider": "provider[\"registry.terraform.io/hashicorp/azurerm\"]",
      "instances": [
        {
          "schema_version": 0,
          "attributes": {
            "authentication_certificate": [],
            "autoscale_configuration": [],
            "backend_address_pool": [
              {
                "fqdns": [],
                "id": "/subscriptions/716fd3a4-4bf0-4100-b006-5d29c8af36dd/resourceGroups/test_rg_appgw/providers/Microsoft.Network/applicationGateways/test_app_gateway/backendAddressPools/test_net_appgw-a-beap-abc.net",
                "ip_addresses": [],
                "name": "test_net_appgw-a-beap-abc.net"
              },
              {
                "fqdns": [],
                "id": "/subscriptions/716fd3a4-4bf0-4100-b006-5d29c8af36dd/resourceGroups/test_rg_appgw/providers/Microsoft.Network/applicationGateways/test_app_gateway/backendAddressPools/test_net_appgw-a-beap-def.net",
                "ip_addresses": [],
                "name": "test_net_appgw-a-beap-def.net"
              },
              {
                "fqdns": [],
                "id": "/subscriptions/716fd3a4-4bf0-4100-b006-5d29c8af36dd/resourceGroups/test_rg_appgw/providers/Microsoft.Network/applicationGateways/test_app_gateway/backendAddressPools/test_net_appgw-b-beap-uvw.net",
                "ip_addresses": [],
                "name": "test_net_appgw-b-beap-uvw.net"
              },
              {
                "fqdns": [],
                "id": "/subscriptions/716fd3a4-4bf0-4100-b006-5d29c8af36dd/resourceGroups/test_rg_appgw/providers/Microsoft.Network/applicationGateways/test_app_gateway/backendAddressPools/test_net_appgw-b-beap-xyz.net",
                "ip_addresses": [],
                "name": "test_net_appgw-b-beap-xyz.net"
              }
            ],
            "backend_http_settings": [
              {
                "affinity_cookie_name": "ApplicationGatewayAffinity",
                "authentication_certificate": [],
                "connection_draining": [],
                "cookie_based_affinity": "Enabled",
                "host_name": "",
                "id": "/subscriptions/716fd3a4-4bf0-4100-b006-5d29c8af36dd/resourceGroups/test_rg_appgw/providers/Microsoft.Network/applicationGateways/test_app_gateway/backendHttpSettingsCollection/test_net_appgw-a-be-htst-abc.net",
                "name": "test_net_appgw-a-be-htst-abc.net",
                "path": "",
                "pick_host_name_from_backend_address": false,
                "port": 8443,
                "probe_id": "",
                "probe_name": "",
                "protocol": "Http",
                "request_timeout": 30,
                "trusted_root_certificate_names": []
              },
              {
                "affinity_cookie_name": "ApplicationGatewayAffinity",
                "authentication_certificate": [],
                "connection_draining": [],
                "cookie_based_affinity": "Enabled",
                "host_name": "",
                "id": "/subscriptions/716fd3a4-4bf0-4100-b006-5d29c8af36dd/resourceGroups/test_rg_appgw/providers/Microsoft.Network/applicationGateways/test_app_gateway/backendHttpSettingsCollection/test_net_appgw-a-be-htst-def.net",
                "name": "test_net_appgw-a-be-htst-def.net",
                "path": "",
                "pick_host_name_from_backend_address": false,
                "port": 8443,
                "probe_id": "",
                "probe_name": "",
                "protocol": "Http",
                "request_timeout": 30,
                "trusted_root_certificate_names": []
              },
              {
                "affinity_cookie_name": "",
                "authentication_certificate": [],
                "connection_draining": [],
                "cookie_based_affinity": "Enabled",
                "host_name": "",
                "id": "/subscriptions/716fd3a4-4bf0-4100-b006-5d29c8af36dd/resourceGroups/test_rg_appgw/providers/Microsoft.Network/applicationGateways/test_app_gateway/backendHttpSettingsCollection/test_net_appgw-b-be-htst-uvw.net",
                "name": "test_net_appgw-b-be-htst-uvw.net",
                "path": "/",
                "pick_host_name_from_backend_address": false,
                "port": 8443,
                "probe_id": "",
                "probe_name": "",
                "protocol": "Http",
                "request_timeout": 30,
                "trusted_root_certificate_names": []
              },
              {
                "affinity_cookie_name": "",
                "authentication_certificate": [],
                "connection_draining": [],
                "cookie_based_affinity": "Enabled",
                "host_name": "",
                "id": "/subscriptions/716fd3a4-4bf0-4100-b006-5d29c8af36dd/resourceGroups/test_rg_appgw/providers/Microsoft.Network/applicationGateways/test_app_gateway/backendHttpSettingsCollection/test_net_appgw-b-be-htst-xyz.net",
                "name": "test_net_appgw-b-be-htst-xyz.net",
                "path": "/",
                "pick_host_name_from_backend_address": false,
                "port": 8443,
                "probe_id": "",
                "probe_name": "",
                "protocol": "Http",
                "request_timeout": 30,
                "trusted_root_certificate_names": []
              }
            ],
            "custom_error_configuration": [],
            "enable_http2": false,
            "firewall_policy_id": null,
            "frontend_ip_configuration": [
              {
                "id": "/subscriptions/716fd3a4-4bf0-4100-b006-5d29c8af36dd/resourceGroups/test_rg_appgw/providers/Microsoft.Network/applicationGateways/test_app_gateway/frontendIPConfigurations/test_net_appgw-feip",
                "name": "test_net_appgw-feip",
                "private_ip_address": "10.0.1.8",
                "private_ip_address_allocation": "Static",
                "public_ip_address_id": "",
                "subnet_id": "/subscriptions/716fd3a4-4bf0-4100-b006-5d29c8af36dd/resourceGroups/test_rg_appgw/providers/Microsoft.Network/virtualNetworks/test_net_appgw/subnets/test_subnet_frontend"
              }
            ],
            "frontend_port": [
              {
                "id": "/subscriptions/716fd3a4-4bf0-4100-b006-5d29c8af36dd/resourceGroups/test_rg_appgw/providers/Microsoft.Network/applicationGateways/test_app_gateway/frontendPorts/test_net_appgw-feport",
                "name": "test_net_appgw-feport",
                "port": 8080
              },
              {
                "id": "/subscriptions/716fd3a4-4bf0-4100-b006-5d29c8af36dd/resourceGroups/test_rg_appgw/providers/Microsoft.Network/applicationGateways/test_app_gateway/frontendPorts/test_net_appgw-nossl-feport",
                "name": "test_net_appgw-nossl-feport",
                "port": 444
              }
            ],
            "gateway_ip_configuration": [
              {
                "id": "/subscriptions/716fd3a4-4bf0-4100-b006-5d29c8af36dd/resourceGroups/test_rg_appgw/providers/Microsoft.Network/applicationGateways/test_app_gateway/gatewayIPConfigurations/test-gateway",
                "name": "test-gateway",
                "subnet_id": "/subscriptions/716fd3a4-4bf0-4100-b006-5d29c8af36dd/resourceGroups/test_rg_appgw/providers/Microsoft.Network/virtualNetworks/test_net_appgw/subnets/test_subnet_frontend"
              }
            ],
            "http_listener": [
              {
                "custom_error_configuration": [],
                "firewall_policy_id": "",
                "frontend_ip_configuration_id": "/subscriptions/716fd3a4-4bf0-4100-b006-5d29c8af36dd/resourceGroups/test_rg_appgw/providers/Microsoft.Network/applicationGateways/test_app_gateway/frontendIPConfigurations/test_net_appgw-feip",
                "frontend_ip_configuration_name": "test_net_appgw-feip",
                "frontend_port_id": "/subscriptions/716fd3a4-4bf0-4100-b006-5d29c8af36dd/resourceGroups/test_rg_appgw/providers/Microsoft.Network/applicationGateways/test_app_gateway/frontendPorts/test_net_appgw-feport",
                "frontend_port_name": "test_net_appgw-feport",
                "host_name": "abc.net",
                "host_names": [],
                "id": "/subscriptions/716fd3a4-4bf0-4100-b006-5d29c8af36dd/resourceGroups/test_rg_appgw/providers/Microsoft.Network/applicationGateways/test_app_gateway/httpListeners/test_net_appgw-a-httplstn-abc.net",
                "name": "test_net_appgw-a-httplstn-abc.net",
                "protocol": "Http",
                "require_sni": false,
                "ssl_certificate_id": "",
                "ssl_certificate_name": ""
              },
              {
                "custom_error_configuration": [],
                "firewall_policy_id": "",
                "frontend_ip_configuration_id": "/subscriptions/716fd3a4-4bf0-4100-b006-5d29c8af36dd/resourceGroups/test_rg_appgw/providers/Microsoft.Network/applicationGateways/test_app_gateway/frontendIPConfigurations/test_net_appgw-feip",
                "frontend_ip_configuration_name": "test_net_appgw-feip",
                "frontend_port_id": "/subscriptions/716fd3a4-4bf0-4100-b006-5d29c8af36dd/resourceGroups/test_rg_appgw/providers/Microsoft.Network/applicationGateways/test_app_gateway/frontendPorts/test_net_appgw-feport",
                "frontend_port_name": "test_net_appgw-feport",
                "host_name": "def.net",
                "host_names": [],
                "id": "/subscriptions/716fd3a4-4bf0-4100-b006-5d29c8af36dd/resourceGroups/test_rg_appgw/providers/Microsoft.Network/applicationGateways/test_app_gateway/httpListeners/test_net_appgw-a-httplstn-def.net",
                "name": "test_net_appgw-a-httplstn-def.net",
                "protocol": "Http",
                "require_sni": false,
                "ssl_certificate_id": "",
                "ssl_certificate_name": ""
              },
              {
                "custom_error_configuration": [],
                "firewall_policy_id": "",
                "frontend_ip_configuration_id": "/subscriptions/716fd3a4-4bf0-4100-b006-5d29c8af36dd/resourceGroups/test_rg_appgw/providers/Microsoft.Network/applicationGateways/test_app_gateway/frontendIPConfigurations/test_net_appgw-feip",
                "frontend_ip_configuration_name": "test_net_appgw-feip",
                "frontend_port_id": "/subscriptions/716fd3a4-4bf0-4100-b006-5d29c8af36dd/resourceGroups/test_rg_appgw/providers/Microsoft.Network/applicationGateways/test_app_gateway/frontendPorts/test_net_appgw-nossl-feport",
                "frontend_port_name": "test_net_appgw-nossl-feport",
                "host_name": "abc.net",
                "host_names": [],
                "id": "/subscriptions/716fd3a4-4bf0-4100-b006-5d29c8af36dd/resourceGroups/test_rg_appgw/providers/Microsoft.Network/applicationGateways/test_app_gateway/httpListeners/test_net_appgw-a-httplstn-nossl-abc.net",
                "name": "test_net_appgw-a-httplstn-nossl-abc.net",
                "protocol": "Http",
                "require_sni": false,
                "ssl_certificate_id": "",
                "ssl_certificate_name": ""
              },
              {
                "custom_error_configuration": [],
                "firewall_policy_id": "",
                "frontend_ip_configuration_id": "/subscriptions/716fd3a4-4bf0-4100-b006-5d29c8af36dd/resourceGroups/test_rg_appgw/providers/Microsoft.Network/applicationGateways/test_app_gateway/frontendIPConfigurations/test_net_appgw-feip",
                "frontend_ip_configuration_name": "test_net_appgw-feip",
                "frontend_port_id": "/subscriptions/716fd3a4-4bf0-4100-b006-5d29c8af36dd/resourceGroups/test_rg_appgw/providers/Microsoft.Network/applicationGateways/test_app_gateway/frontendPorts/test_net_appgw-nossl-feport",
                "frontend_port_name": "test_net_appgw-nossl-feport",
                "host_name": "def.net",
                "host_names": [],
                "id": "/subscriptions/716fd3a4-4bf0-4100-b006-5d29c8af36dd/resourceGroups/test_rg_appgw/providers/Microsoft.Network/applicationGateways/test_app_gateway/httpListeners/test_net_appgw-a-httplstn-nossl-def.net",
                "name": "test_net_appgw-a-httplstn-nossl-def.net",
                "protocol": "Http",
                "require_sni": false,
                "ssl_certificate_id": "",
                "ssl_certificate_name": ""
              },
              {
                "custom_error_configuration": [],
                "firewall_policy_id": "",
                "frontend_ip_configuration_id": "/subscriptions/716fd3a4-4bf0-4100-b006-5d29c8af36dd/resourceGroups/test_rg_appgw/providers/Microsoft.Network/applicationGateways/test_app_gateway/frontendIPConfigurations/test_net_appgw-feip",
                "frontend_ip_configuration_name": "test_net_appgw-feip",
                "frontend_port_id": "/subscriptions/716fd3a4-4bf0-4100-b006-5d29c8af36dd/resourceGroups/test_rg_appgw/providers/Microsoft.Network/applicationGateways/test_app_gateway/frontendPorts/test_net_appgw-feport",
                "frontend_port_name": "test_net_appgw-feport",
                "host_name": "uvw.net",
                "host_names": [],
                "id": "/subscriptions/716fd3a4-4bf0-4100-b006-5d29c8af36dd/resourceGroups/test_rg_appgw/providers/Microsoft.Network/applicationGateways/test_app_gateway/httpListeners/test_net_appgw-b-httplstn-uvw.net",
                "name": "test_net_appgw-b-httplstn-uvw.net",
                "protocol": "Http",
                "require_sni": false,
                "ssl_certificate_id": "",
                "ssl_certificate_name": ""
              },
              {
                "custom_error_configuration": [],
                "firewall_policy_id": "",
                "frontend_ip_configuration_id": "/subscriptions/716fd3a4-4bf0-4100-b006-5d29c8af36dd/resourceGroups/test_rg_appgw/providers/Microsoft.Network/applicationGateways/test_app_gateway/frontendIPConfigurations/test_net_appgw-feip",
                "frontend_ip_configuration_name": "test_net_appgw-feip",
                "frontend_port_id": "/subscriptions/716fd3a4-4bf0-4100-b006-5d29c8af36dd/resourceGroups/test_rg_appgw/providers/Microsoft.Network/applicationGateways/test_app_gateway/frontendPorts/test_net_appgw-feport",
                "frontend_port_name": "test_net_appgw-feport",
                "host_name": "xyz.net",
                "host_names": [],
                "id": "/subscriptions/716fd3a4-4bf0-4100-b006-5d29c8af36dd/resourceGroups/test_rg_appgw/providers/Microsoft.Network/applicationGateways/test_app_gateway/httpListeners/test_net_appgw-b-httplstn-xyz.net",
                "name": "test_net_appgw-b-httplstn-xyz.net",
                "protocol": "Http",
                "require_sni": false,
                "ssl_certificate_id": "",
                "ssl_certificate_name": ""
              }
            ],
            "id": "/subscriptions/716fd3a4-4bf0-4100-b006-5d29c8af36dd/resourceGroups/test_rg_appgw/providers/Microsoft.Network/applicationGateways/test_app_gateway",
            "identity": [],
            "location": "westus2",
            "name": "test_app_gateway",
            "probe": [],
            "redirect_configuration": [
              {
                "id": "/subscriptions/716fd3a4-4bf0-4100-b006-5d29c8af36dd/resourceGroups/test_rg_appgw/providers/Microsoft.Network/applicationGateways/test_app_gateway/redirectConfigurations/test_net_appgw-a-rdrcfg-abc.net",
                "include_path": true,
                "include_query_string": true,
                "name": "test_net_appgw-a-rdrcfg-abc.net",
                "redirect_type": "Permanent",
                "target_listener_id": "/subscriptions/716fd3a4-4bf0-4100-b006-5d29c8af36dd/resourceGroups/test_rg_appgw/providers/Microsoft.Network/applicationGateways/test_app_gateway/httpListeners/test_net_appgw-a-httplstn-abc.net",
                "target_listener_name": "test_net_appgw-a-httplstn-abc.net",
                "target_url": ""
              },
              {
                "id": "/subscriptions/716fd3a4-4bf0-4100-b006-5d29c8af36dd/resourceGroups/test_rg_appgw/providers/Microsoft.Network/applicationGateways/test_app_gateway/redirectConfigurations/test_net_appgw-a-rdrcfg-def.net",
                "include_path": true,
                "include_query_string": true,
                "name": "test_net_appgw-a-rdrcfg-def.net",
                "redirect_type": "Permanent",
                "target_listener_id": "/subscriptions/716fd3a4-4bf0-4100-b006-5d29c8af36dd/resourceGroups/test_rg_appgw/providers/Microsoft.Network/applicationGateways/test_app_gateway/httpListeners/test_net_appgw-a-httplstn-def.net",
                "target_listener_name": "test_net_appgw-a-httplstn-def.net",
                "target_url": ""
              }
            ],
            "request_routing_rule": [
              {
                "backend_address_pool_id": "",
                "backend_address_pool_name": "",
                "backend_http_settings_id": "",
                "backend_http_settings_name": "",
                "http_listener_id": "/subscriptions/716fd3a4-4bf0-4100-b006-5d29c8af36dd/resourceGroups/test_rg_appgw/providers/Microsoft.Network/applicationGateways/test_app_gateway/httpListeners/test_net_appgw-a-httplstn-nossl-abc.net",
                "http_listener_name": "test_net_appgw-a-httplstn-nossl-abc.net",
                "id": "/subscriptions/716fd3a4-4bf0-4100-b006-5d29c8af36dd/resourceGroups/test_rg_appgw/providers/Microsoft.Network/applicationGateways/test_app_gateway/requestRoutingRules/test_net_appgw-a-rdrt-abc.net",
                "name": "test_net_appgw-a-rdrt-abc.net",
                "redirect_configuration_id": "/subscriptions/716fd3a4-4bf0-4100-b006-5d29c8af36dd/resourceGroups/test_rg_appgw/providers/Microsoft.Network/applicationGateways/test_app_gateway/redirectConfigurations/test_net_appgw-a-rdrcfg-abc.net",
                "redirect_configuration_name": "test_net_appgw-a-rdrcfg-abc.net",
                "rewrite_rule_set_id": "",
                "rewrite_rule_set_name": "",
                "rule_type": "Basic",
                "url_path_map_id": "",
                "url_path_map_name": ""
              },
              {
                "backend_address_pool_id": "",
                "backend_address_pool_name": "",
                "backend_http_settings_id": "",
                "backend_http_settings_name": "",
                "http_listener_id": "/subscriptions/716fd3a4-4bf0-4100-b006-5d29c8af36dd/resourceGroups/test_rg_appgw/providers/Microsoft.Network/applicationGateways/test_app_gateway/httpListeners/test_net_appgw-a-httplstn-nossl-def.net",
                "http_listener_name": "test_net_appgw-a-httplstn-nossl-def.net",
                "id": "/subscriptions/716fd3a4-4bf0-4100-b006-5d29c8af36dd/resourceGroups/test_rg_appgw/providers/Microsoft.Network/applicationGateways/test_app_gateway/requestRoutingRules/test_net_appgw-a-rdrt-def.net",
                "name": "test_net_appgw-a-rdrt-def.net",
                "redirect_configuration_id": "/subscriptions/716fd3a4-4bf0-4100-b006-5d29c8af36dd/resourceGroups/test_rg_appgw/providers/Microsoft.Network/applicationGateways/test_app_gateway/redirectConfigurations/test_net_appgw-a-rdrcfg-def.net",
                "redirect_configuration_name": "test_net_appgw-a-rdrcfg-def.net",
                "rewrite_rule_set_id": "",
                "rewrite_rule_set_name": "",
                "rule_type": "Basic",
                "url_path_map_id": "",
                "url_path_map_name": ""
              },
              {
                "backend_address_pool_id": "/subscriptions/716fd3a4-4bf0-4100-b006-5d29c8af36dd/resourceGroups/test_rg_appgw/providers/Microsoft.Network/applicationGateways/test_app_gateway/backendAddressPools/test_net_appgw-a-beap-abc.net",
                "backend_address_pool_name": "test_net_appgw-a-beap-abc.net",
                "backend_http_settings_id": "/subscriptions/716fd3a4-4bf0-4100-b006-5d29c8af36dd/resourceGroups/test_rg_appgw/providers/Microsoft.Network/applicationGateways/test_app_gateway/backendHttpSettingsCollection/test_net_appgw-a-be-htst-abc.net",
                "backend_http_settings_name": "test_net_appgw-a-be-htst-abc.net",
                "http_listener_id": "/subscriptions/716fd3a4-4bf0-4100-b006-5d29c8af36dd/resourceGroups/test_rg_appgw/providers/Microsoft.Network/applicationGateways/test_app_gateway/httpListeners/test_net_appgw-a-httplstn-abc.net",
                "http_listener_name": "test_net_appgw-a-httplstn-abc.net",
                "id": "/subscriptions/716fd3a4-4bf0-4100-b006-5d29c8af36dd/resourceGroups/test_rg_appgw/providers/Microsoft.Network/applicationGateways/test_app_gateway/requestRoutingRules/test_net_appgw-a-rqrt-abc.net",
                "name": "test_net_appgw-a-rqrt-abc.net",
                "redirect_configuration_id": "",
                "redirect_configuration_name": "",
                "rewrite_rule_set_id": "",
                "rewrite_rule_set_name": "",
                "rule_type": "Basic",
                "url_path_map_id": "",
                "url_path_map_name": ""
              },
              {
                "backend_address_pool_id": "/subscriptions/716fd3a4-4bf0-4100-b006-5d29c8af36dd/resourceGroups/test_rg_appgw/providers/Microsoft.Network/applicationGateways/test_app_gateway/backendAddressPools/test_net_appgw-a-beap-def.net",
                "backend_address_pool_name": "test_net_appgw-a-beap-def.net",
                "backend_http_settings_id": "/subscriptions/716fd3a4-4bf0-4100-b006-5d29c8af36dd/resourceGroups/test_rg_appgw/providers/Microsoft.Network/applicationGateways/test_app_gateway/backendHttpSettingsCollection/test_net_appgw-a-be-htst-def.net",
                "backend_http_settings_name": "test_net_appgw-a-be-htst-def.net",
                "http_listener_id": "/subscriptions/716fd3a4-4bf0-4100-b006-5d29c8af36dd/resourceGroups/test_rg_appgw/providers/Microsoft.Network/applicationGateways/test_app_gateway/httpListeners/test_net_appgw-a-httplstn-def.net",
                "http_listener_name": "test_net_appgw-a-httplstn-def.net",
                "id": "/subscriptions/716fd3a4-4bf0-4100-b006-5d29c8af36dd/resourceGroups/test_rg_appgw/providers/Microsoft.Network/applicationGateways/test_app_gateway/requestRoutingRules/test_net_appgw-a-rqrt-def.net",
                "name": "test_net_appgw-a-rqrt-def.net",
                "redirect_configuration_id": "",
                "redirect_configuration_name": "",
                "rewrite_rule_set_id": "",
                "rewrite_rule_set_name": "",
                "rule_type": "Basic",
                "url_path_map_id": "",
                "url_path_map_name": ""
              },
              {
                "backend_address_pool_id": "/subscriptions/716fd3a4-4bf0-4100-b006-5d29c8af36dd/resourceGroups/test_rg_appgw/providers/Microsoft.Network/applicationGateways/test_app_gateway/backendAddressPools/test_net_appgw-b-beap-uvw.net",
                "backend_address_pool_name": "test_net_appgw-b-beap-uvw.net",
                "backend_http_settings_id": "/subscriptions/716fd3a4-4bf0-4100-b006-5d29c8af36dd/resourceGroups/test_rg_appgw/providers/Microsoft.Network/applicationGateways/test_app_gateway/backendHttpSettingsCollection/test_net_appgw-b-be-htst-uvw.net",
                "backend_http_settings_name": "test_net_appgw-b-be-htst-uvw.net",
                "http_listener_id": "/subscriptions/716fd3a4-4bf0-4100-b006-5d29c8af36dd/resourceGroups/test_rg_appgw/providers/Microsoft.Network/applicationGateways/test_app_gateway/httpListeners/test_net_appgw-b-httplstn-uvw.net",
                "http_listener_name": "test_net_appgw-b-httplstn-uvw.net",
                "id": "/subscriptions/716fd3a4-4bf0-4100-b006-5d29c8af36dd/resourceGroups/test_rg_appgw/providers/Microsoft.Network/applicationGateways/test_app_gateway/requestRoutingRules/test_net_appgw-b-rqrt-uvw.net",
                "name": "test_net_appgw-b-rqrt-uvw.net",
                "redirect_configuration_id": "",
                "redirect_configuration_name": "",
                "rewrite_rule_set_id": "",
                "rewrite_rule_set_name": "",
                "rule_type": "Basic",
                "url_path_map_id": "",
                "url_path_map_name": ""
              },
              {
                "backend_address_pool_id": "/subscriptions/716fd3a4-4bf0-4100-b006-5d29c8af36dd/resourceGroups/test_rg_appgw/providers/Microsoft.Network/applicationGateways/test_app_gateway/backendAddressPools/test_net_appgw-b-beap-xyz.net",
                "backend_address_pool_name": "test_net_appgw-b-beap-xyz.net",
                "backend_http_settings_id": "/subscriptions/716fd3a4-4bf0-4100-b006-5d29c8af36dd/resourceGroups/test_rg_appgw/providers/Microsoft.Network/applicationGateways/test_app_gateway/backendHttpSettingsCollection/test_net_appgw-b-be-htst-xyz.net",
                "backend_http_settings_name": "test_net_appgw-b-be-htst-xyz.net",
                "http_listener_id": "/subscriptions/716fd3a4-4bf0-4100-b006-5d29c8af36dd/resourceGroups/test_rg_appgw/providers/Microsoft.Network/applicationGateways/test_app_gateway/httpListeners/test_net_appgw-b-httplstn-xyz.net",
                "http_listener_name": "test_net_appgw-b-httplstn-xyz.net",
                "id": "/subscriptions/716fd3a4-4bf0-4100-b006-5d29c8af36dd/resourceGroups/test_rg_appgw/providers/Microsoft.Network/applicationGateways/test_app_gateway/requestRoutingRules/test_net_appgw-b-rqrt-xyz.net",
                "name": "test_net_appgw-b-rqrt-xyz.net",
                "redirect_configuration_id": "",
                "redirect_configuration_name": "",
                "rewrite_rule_set_id": "",
                "rewrite_rule_set_name": "",
                "rule_type": "Basic",
                "url_path_map_id": "",
                "url_path_map_name": ""
              }
            ],
            "resource_group_name": "test_rg_appgw",
            "rewrite_rule_set": [],
            "sku": [
              {
                "capacity": 2,
                "name": "Standard_Small",
                "tier": "Standard"
              }
            ],
            "ssl_certificate": [],
            "ssl_policy": [
              {
                "cipher_suites": [],
                "disabled_protocols": [],
                "min_protocol_version": "",
                "policy_name": "AppGwSslPolicy20150501",
                "policy_type": "Predefined"
              }
            ],
            "tags": {},
            "timeouts": null,
            "trusted_root_certificate": [],
            "url_path_map": [],
            "waf_configuration": [],
            "zones": []
          },
          "sensitive_attributes": [],
          "private": "eyJlMmJmYjczMC1lY2FhLTExZTYtOGY4OC0zNDM2M2JjN2M0YzAiOnsiY3JlYXRlIjo1NDAwMDAwMDAwMDAwLCJkZWxldGUiOjU0MDAwMDAwMDAwMDAsInJlYWQiOjMwMDAwMDAwMDAwMCwidXBkYXRlIjo1NDAwMDAwMDAwMDAwfX0=",
          "dependencies": [
            "module.test_net.azurerm_virtual_network.virtual_network",
            "module.test_rg.azurerm_resource_group.resource_group",
            "module.test_subnet_frontend.azurerm_subnet.subnet"
          ]
        }
      ]
    },
    {
      "module": "module.test_net",
      "mode": "managed",
      "type": "azurerm_virtual_network",
      "name": "virtual_network",
      "provider": "provider[\"registry.terraform.io/hashicorp/azurerm\"]",
      "instances": [
        {
          "schema_version": 0,
          "attributes": {
            "address_space": [
              "10.0.1.0/24"
            ],
            "bgp_community": "",
            "ddos_protection_plan": [],
            "dns_servers": [],
            "guid": "25e30872-871d-4fd5-bb75-e8e282f137ef",
            "id": "/subscriptions/716fd3a4-4bf0-4100-b006-5d29c8af36dd/resourceGroups/test_rg_appgw/providers/Microsoft.Network/virtualNetworks/test_net_appgw",
            "location": "westus2",
            "name": "test_net_appgw",
            "resource_group_name": "test_rg_appgw",
            "subnet": [
              {
                "address_prefix": "10.0.1.0/28",
                "id": "/subscriptions/716fd3a4-4bf0-4100-b006-5d29c8af36dd/resourceGroups/test_rg_appgw/providers/Microsoft.Network/virtualNetworks/test_net_appgw/subnets/test_subnet_frontend",
                "name": "test_subnet_frontend",
                "security_group": ""
              },
              {
                "address_prefix": "10.0.1.128/28",
                "id": "/subscriptions/716fd3a4-4bf0-4100-b006-5d29c8af36dd/resourceGroups/test_rg_appgw/providers/Microsoft.Network/virtualNetworks/test_net_appgw/subnets/test_subnet_backend",
                "name": "test_subnet_backend",
                "security_group": ""
              }
            ],
            "tags": {},
            "timeouts": null,
            "vm_protection_enabled": false
          },
          "sensitive_attributes": [],
          "private": "eyJlMmJmYjczMC1lY2FhLTExZTYtOGY4OC0zNDM2M2JjN2M0YzAiOnsiY3JlYXRlIjoxODAwMDAwMDAwMDAwLCJkZWxldGUiOjE4MDAwMDAwMDAwMDAsInJlYWQiOjMwMDAwMDAwMDAwMCwidXBkYXRlIjoxODAwMDAwMDAwMDAwfX0=",
          "dependencies": [
            "module.test_rg.azurerm_resource_group.resource_group"
          ]
        }
      ]
    },
    {
      "module": "module.test_rg",
      "mode": "managed",
      "type": "azurerm_resource_group",
      "name": "resource_group",
      "provider": "provider[\"registry.terraform.io/hashicorp/azurerm\"]",
      "instances": [
        {
          "schema_version": 0,
          "attributes": {
            "id": "/subscriptions/716fd3a4-4bf0-4100-b006-5d29c8af36dd/resourceGroups/test_rg_appgw",
            "location": "westus2",
            "name": "test_rg_appgw",
            "tags": {},
            "timeouts": null
          },
          "sensitive_attributes": [],
          "private": "eyJlMmJmYjczMC1lY2FhLTExZTYtOGY4OC0zNDM2M2JjN2M0YzAiOnsiY3JlYXRlIjo1NDAwMDAwMDAwMDAwLCJkZWxldGUiOjU0MDAwMDAwMDAwMDAsInJlYWQiOjMwMDAwMDAwMDAwMCwidXBkYXRlIjo1NDAwMDAwMDAwMDAwfX0="
        }
      ]
    },
    {
      "module": "module.test_subnet_backend",
      "mode": "managed",
      "type": "azurerm_subnet",
      "name": "subnet",
      "provider": "provider[\"registry.terraform.io/hashicorp/azurerm\"]",
      "instances": [
        {
          "schema_version": 0,
          "attributes": {
            "address_prefix": "10.0.1.128/28",
            "address_prefixes": [
              "10.0.1.128/28"
            ],
            "delegation": [],
            "enforce_private_link_endpoint_network_policies": false,
            "enforce_private_link_service_network_policies": false,
            "id": "/subscriptions/716fd3a4-4bf0-4100-b006-5d29c8af36dd/resourceGroups/test_rg_appgw/providers/Microsoft.Network/virtualNetworks/test_net_appgw/subnets/test_subnet_backend",
            "name": "test_subnet_backend",
            "resource_group_name": "test_rg_appgw",
            "service_endpoint_policy_ids": [],
            "service_endpoints": [],
            "timeouts": null,
            "virtual_network_name": "test_net_appgw"
          },
          "sensitive_attributes": [],
          "private": "eyJlMmJmYjczMC1lY2FhLTExZTYtOGY4OC0zNDM2M2JjN2M0YzAiOnsiY3JlYXRlIjoxODAwMDAwMDAwMDAwLCJkZWxldGUiOjE4MDAwMDAwMDAwMDAsInJlYWQiOjMwMDAwMDAwMDAwMCwidXBkYXRlIjoxODAwMDAwMDAwMDAwfX0=",
          "dependencies": [
            "module.test_net.azurerm_virtual_network.virtual_network",
            "module.test_rg.azurerm_resource_group.resource_group"
          ]
        }
      ]
    },
    {
      "module": "module.test_subnet_frontend",
      "mode": "managed",
      "type": "azurerm_subnet",
      "name": "subnet",
      "provider": "provider[\"registry.terraform.io/hashicorp/azurerm\"]",
      "instances": [
        {
          "schema_version": 0,
          "attributes": {
            "address_prefix": "10.0.1.0/28",
            "address_prefixes": [
              "10.0.1.0/28"
            ],
            "delegation": [],
            "enforce_private_link_endpoint_network_policies": false,
            "enforce_private_link_service_network_policies": false,
            "id": "/subscriptions/716fd3a4-4bf0-4100-b006-5d29c8af36dd/resourceGroups/test_rg_appgw/providers/Microsoft.Network/virtualNetworks/test_net_appgw/subnets/test_subnet_frontend",
            "name": "test_subnet_frontend",
            "resource_group_name": "test_rg_appgw",
            "service_endpoint_policy_ids": [],
            "service_endpoints": [],
            "timeouts": null,
            "virtual_network_name": "test_net_appgw"
          },
          "sensitive_attributes": [],
          "private": "eyJlMmJmYjczMC1lY2FhLTExZTYtOGY4OC0zNDM2M2JjN2M0YzAiOnsiY3JlYXRlIjoxODAwMDAwMDAwMDAwLCJkZWxldGUiOjE4MDAwMDAwMDAwMDAsInJlYWQiOjMwMDAwMDAwMDAwMCwidXBkYXRlIjoxODAwMDAwMDAwMDAwfX0=",
          "dependencies": [
            "module.test_net.azurerm_virtual_network.virtual_network",
            "module.test_rg.azurerm_resource_group.resource_group"
          ]
        }
      ]
    }
  ]
}
